// !$*UTF8*$!
{
	archiveVersion = 1;
	classes = {
	};
	objectVersion = 77;
	objects = {

/* Begin PBXBuildFile section */
		2186B3442F461DAC00A7A2CA /* FirebaseCore in Frameworks */ = {isa = PBXBuildFile; productRef = 2186B3432F461DAC00A7A2CA /* FirebaseCore */; };
		2186B3462F461DB400A7A2CA /* FirebaseAuth in Frameworks */ = {isa = PBXBuildFile; productRef = 2186B3452F461DB400A7A2CA /* FirebaseAuth */; };
		2186B3482F461DBE00A7A2CA /* FirebaseFirestore in Frameworks */ = {isa = PBXBuildFile; productRef = 2186B3472F461DBE00A7A2CA /* FirebaseFirestore */; };
		2186B34A2F461DC800A7A2CA /* FirebaseStorage in Frameworks */ = {isa = PBXBuildFile; productRef = 2186B3492F461DC800A7A2CA /* FirebaseStorage */; };
		2186B3542F474E1B00A7A2CA /* GoogleSignIn in Frameworks */ = {isa = PBXBuildFile; productRef = 2186B3532F474E1B00A7A2CA /* GoogleSignIn */; };
/* End PBXBuildFile section */

/* Begin PBXContainerItemProxy section */
		2186B21A2F34D27300A7A2CA /* PBXContainerItemProxy */ = {
			isa = PBXContainerItemProxy;
			containerPortal = 2186B2042F34D27100A7A2CA /* Project object */;
			proxyType = 1;
			remoteGlobalIDString = 2186B20B2F34D27100A7A2CA;
			remoteInfo = gymrankiOS;
		};
		2186B2242F34D27300A7A2CA /* PBXContainerItemProxy */ = {
			isa = PBXContainerItemProxy;
			containerPortal = 2186B2042F34D27100A7A2CA /* Project object */;
			proxyType = 1;
			remoteGlobalIDString = 2186B20B2F34D27100A7A2CA;
			remoteInfo = gymrankiOS;
		};
/* End PBXContainerItemProxy section */

/* Begin PBXFileReference section */
		2186B20C2F34D27100A7A2CA /* gymrankiOS.app */ = {isa = PBXFileReference; explicitFileType = wrapper.application; includeInIndex = 0; path = gymrankiOS.app; sourceTree = BUILT_PRODUCTS_DIR; };
		2186B2192F34D27300A7A2CA /* gymrankiOSTests.xctest */ = {isa = PBXFileReference; explicitFileType = wrapper.cfbundle; includeInIndex = 0; path = gymrankiOSTests.xctest; sourceTree = BUILT_PRODUCTS_DIR; };
		2186B2232F34D27300A7A2CA /* gymrankiOSUITests.xctest */ = {isa = PBXFileReference; explicitFileType = wrapper.cfbundle; includeInIndex = 0; path = gymrankiOSUITests.xctest; sourceTree = BUILT_PRODUCTS_DIR; };
/* End PBXFileReference section */

/* Begin PBXFileSystemSynchronizedBuildFileExceptionSet section */
		2186B3512F474A0000A7A2CA /* Exceptions for "gymrankiOS" folder in "gymrankiOS" target */ = {
			isa = PBXFileSystemSynchronizedBuildFileExceptionSet;
			membershipExceptions = (
				Info.plist,
			);
			target = 2186B20B2F34D27100A7A2CA /* gymrankiOS */;
		};
/* End PBXFileSystemSynchronizedBuildFileExceptionSet section */

/* Begin PBXFileSystemSynchronizedRootGroup section */
		2186B20E2F34D27100A7A2CA /* gymrankiOS */ = {
			isa = PBXFileSystemSynchronizedRootGroup;
			exceptions = (
				2186B3512F474A0000A7A2CA /* Exceptions for "gymrankiOS" folder in "gymrankiOS" target */,
			);
			path = gymrankiOS;
			sourceTree = "<group>";
		};
/* End PBXFileSystemSynchronizedRootGroup section */

/* Begin PBXFrameworksBuildPhase section */
		2186B2092F34D27100A7A2CA /* Frameworks */ = {
			isa = PBXFrameworksBuildPhase;
			buildActionMask = 2147483647;
			files = (
				2186B3542F474E1B00A7A2CA /* GoogleSignIn in Frameworks */,
				2186B3442F461DAC00A7A2CA /* FirebaseCore in Frameworks */,
				2186B34A2F461DC800A7A2CA /* FirebaseStorage in Frameworks */,
				2186B3462F461DB400A7A2CA /* FirebaseAuth in Frameworks */,
				2186B3482F461DBE00A7A2CA /* FirebaseFirestore in Frameworks */,
			);
			runOnlyForDeploymentPostprocessing = 0;
		};
		2186B2162F34D27300A7A2CA /* Frameworks */ = {
			isa = PBXFrameworksBuildPhase;
			buildActionMask = 2147483647;
			files = (
			);
			runOnlyForDeploymentPostprocessing = 0;
		};
		2186B2202F34D27300A7A2CA /* Frameworks */ = {
			isa = PBXFrameworksBuildPhase;
			buildActionMask = 2147483647;
			files = (
			);
			runOnlyForDeploymentPostprocessing = 0;
		};
/* End PBXFrameworksBuildPhase section */

/* Begin PBXGroup section */
		2186B2032F34D27100A7A2CA = {
			isa = PBXGroup;
			children = (
				2186B20E2F34D27100A7A2CA /* gymrankiOS */,
				2186B3422F461DAC00A7A2CA /* Frameworks */,
				2186B20D2F34D27100A7A2CA /* Products */,
			);
			sourceTree = "<group>";
		};
		2186B20D2F34D27100A7A2CA /* Products */ = {
			isa = PBXGroup;
			children = (
				2186B20C2F34D27100A7A2CA /* gymrankiOS.app */,
				2186B2192F34D27300A7A2CA /* gymrankiOSTests.xctest */,
				2186B2232F34D27300A7A2CA /* gymrankiOSUITests.xctest */,
			);
			name = Products;
			sourceTree = "<group>";
		};
		2186B3422F461DAC00A7A2CA /* Frameworks */ = {
			isa = PBXGroup;
			children = (
			);
			name = Frameworks;
			sourceTree = "<group>";
		};
/* End PBXGroup section */

/* Begin PBXNativeTarget section */
		2186B20B2F34D27100A7A2CA /* gymrankiOS */ = {
			isa = PBXNativeTarget;
			buildConfigurationList = 2186B22D2F34D27300A7A2CA /* Build configuration list for PBXNativeTarget "gymrankiOS" */;
			buildPhases = (
				2186B2082F34D27100A7A2CA /* Sources */,
				2186B2092F34D27100A7A2CA /* Frameworks */,
				2186B20A2F34D27100A7A2CA /* Resources */,
			);
			buildRules = (
			);
			dependencies = (
			);
			fileSystemSynchronizedGroups = (
				2186B20E2F34D27100A7A2CA /* gymrankiOS */,
			);
			name = gymrankiOS;
			packageProductDependencies = (
				2186B3432F461DAC00A7A2CA /* FirebaseCore */,
				2186B3452F461DB400A7A2CA /* FirebaseAuth */,
				2186B3472F461DBE00A7A2CA /* FirebaseFirestore */,
				2186B3492F461DC800A7A2CA /* FirebaseStorage */,
				2186B3532F474E1B00A7A2CA /* GoogleSignIn */,
			);
			productName = gymrankiOS;
			productReference = 2186B20C2F34D27100A7A2CA /* gymrankiOS.app */;
			productType = "com.apple.product-type.application";
		};
		2186B2182F34D27300A7A2CA /* gymrankiOSTests */ = {
			isa = PBXNativeTarget;
			buildConfigurationList = 2186B2302F34D27300A7A2CA /* Build configuration list for PBXNativeTarget "gymrankiOSTests" */;
			buildPhases = (
				2186B2152F34D27300A7A2CA /* Sources */,
				2186B2162F34D27300A7A2CA /* Frameworks */,
				2186B2172F34D27300A7A2CA /* Resources */,
			);
			buildRules = (
			);
			dependencies = (
				2186B21B2F34D27300A7A2CA /* PBXTargetDependency */,
			);
			name = gymrankiOSTests;
			packageProductDependencies = (
			);
			productName = gymrankiOSTests;
			productReference = 2186B2192F34D27300A7A2CA /* gymrankiOSTests.xctest */;
			productType = "com.apple.product-type.bundle.unit-test";
		};
		2186B2222F34D27300A7A2CA /* gymrankiOSUITests */ = {
			isa = PBXNativeTarget;
			buildConfigurationList = 2186B2332F34D27300A7A2CA /* Build configuration list for PBXNativeTarget "gymrankiOSUITests" */;
			buildPhases = (
				2186B21F2F34D27300A7A2CA /* Sources */,
				2186B2202F34D27300A7A2CA /* Frameworks */,
				2186B2212F34D27300A7A2CA /* Resources */,
			);
			buildRules = (
			);
			dependencies = (
				2186B2252F34D27300A7A2CA /* PBXTargetDependency */,
			);
			name = gymrankiOSUITests;
			packageProductDependencies = (
			);
			productName = gymrankiOSUITests;
			productReference = 2186B2232F34D27300A7A2CA /* gymrankiOSUITests.xctest */;
			productType = "com.apple.product-type.bundle.ui-testing";
		};
/* End PBXNativeTarget section */

/* Begin PBXProject section */
		2186B2042F34D27100A7A2CA /* Project object */ = {
			isa = PBXProject;
			attributes = {
				BuildIndependentTargetsInParallel = 1;
				LastSwiftUpdateCheck = 1640;
				LastUpgradeCheck = 1640;
				TargetAttributes = {
					2186B20B2F34D27100A7A2CA = {
						CreatedOnToolsVersion = 16.4;
					};
					2186B2182F34D27300A7A2CA = {
						CreatedOnToolsVersion = 16.4;
						TestTargetID = 2186B20B2F34D27100A7A2CA;
					};
					2186B2222F34D27300A7A2CA = {
						CreatedOnToolsVersion = 16.4;
						TestTargetID = 2186B20B2F34D27100A7A2CA;
					};
				};
			};
			buildConfigurationList = 2186B2072F34D27100A7A2CA /* Build configuration list for PBXProject "gymrankiOS" */;
			developmentRegion = en;
			hasScannedForEncodings = 0;
			knownRegions = (
				en,
				Base,
			);
			mainGroup = 2186B2032F34D27100A7A2CA;
			minimizedProjectReferenceProxies = 1;
			packageReferences = (
				2186B3412F461AE600A7A2CA /* XCRemoteSwiftPackageReference "firebase-ios-sdk" */,
				2186B3522F474CC200A7A2CA /* XCRemoteSwiftPackageReference "GoogleSignIn-iOS" */,
			);
			preferredProjectObjectVersion = 77;
			productRefGroup = 2186B20D2F34D27100A7A2CA /* Products */;
			projectDirPath = "";
			projectRoot = "";
			targets = (
				2186B20B2F34D27100A7A2CA /* gymrankiOS */,
				2186B2182F34D27300A7A2CA /* gymrankiOSTests */,
				2186B2222F34D27300A7A2CA /* gymrankiOSUITests */,
			);
		};
/* End PBXProject section */

/* Begin PBXResourcesBuildPhase section */
		2186B20A2F34D27100A7A2CA /* Resources */ = {
			isa = PBXResourcesBuildPhase;
			buildActionMask = 2147483647;
			files = (
			);
			runOnlyForDeploymentPostprocessing = 0;
		};
		2186B2172F34D27300A7A2CA /* Resources */ = {
			isa = PBXResourcesBuildPhase;
			buildActionMask = 2147483647;
			files = (
			);
			runOnlyForDeploymentPostprocessing = 0;
		};
		2186B2212F34D27300A7A2CA /* Resources */ = {
			isa = PBXResourcesBuildPhase;
			buildActionMask = 2147483647;
			files = (
			);
			runOnlyForDeploymentPostprocessing = 0;
		};
/* End PBXResourcesBuildPhase section */

/* Begin PBXSourcesBuildPhase section */
		2186B2082F34D27100A7A2CA /* Sources */ = {
			isa = PBXSourcesBuildPhase;
			buildActionMask = 2147483647;
			files = (
			);
			runOnlyForDeploymentPostprocessing = 0;
		};
		2186B2152F34D27300A7A2CA /* Sources */ = {
			isa = PBXSourcesBuildPhase;
			buildActionMask = 2147483647;
			files = (
			);
			runOnlyForDeploymentPostprocessing = 0;
		};
		2186B21F2F34D27300A7A2CA /* Sources */ = {
			isa = PBXSourcesBuildPhase;
			buildActionMask = 2147483647;
			files = (
			);
			runOnlyForDeploymentPostprocessing = 0;
		};
/* End PBXSourcesBuildPhase section */

/* Begin PBXTargetDependency section */
		2186B21B2F34D27300A7A2CA /* PBXTargetDependency */ = {
			isa = PBXTargetDependency;
			target = 2186B20B2F34D27100A7A2CA /* gymrankiOS */;
			targetProxy = 2186B21A2F34D27300A7A2CA /* PBXContainerItemProxy */;
		};
		2186B2252F34D27300A7A2CA /* PBXTargetDependency */ = {
			isa = PBXTargetDependency;
			target = 2186B20B2F34D27100A7A2CA /* gymrankiOS */;
			targetProxy = 2186B2242F34D27300A7A2CA /* PBXContainerItemProxy */;
		};
/* End PBXTargetDependency section */

/* Begin XCBuildConfiguration section */
		2186B22B2F34D27300A7A2CA /* Debug */ = {
			isa = XCBuildConfiguration;
			buildSettings = {
				ALWAYS_SEARCH_USER_PATHS = NO;
				ASSETCATALOG_COMPILER_GENERATE_SWIFT_ASSET_SYMBOL_EXTENSIONS = YES;
				CLANG_ANALYZER_NONNULL = YES;
				CLANG_ANALYZER_NUMBER_OBJECT_CONVERSION = YES_AGGRESSIVE;
				CLANG_CXX_LANGUAGE_STANDARD = "gnu++20";
				CLANG_ENABLE_MODULES = YES;
				CLANG_ENABLE_OBJC_ARC = YES;
				CLANG_ENABLE_OBJC_WEAK = YES;
				CLANG_WARN_BLOCK_CAPTURE_AUTORELEASING = YES;
				CLANG_WARN_BOOL_CONVERSION = YES;
				CLANG_WARN_COMMA = YES;
				CLANG_WARN_CONSTANT_CONVERSION = YES;
				CLANG_WARN_DEPRECATED_OBJC_IMPLEMENTATIONS = YES;
				CLANG_WARN_DIRECT_OBJC_ISA_USAGE = YES_ERROR;
				CLANG_WARN_DOCUMENTATION_COMMENTS = YES;
				CLANG_WARN_EMPTY_BODY = YES;
				CLANG_WARN_ENUM_CONVERSION = YES;
				CLANG_WARN_INFINITE_RECURSION = YES;
				CLANG_WARN_INT_CONVERSION = YES;
				CLANG_WARN_NON_LITERAL_NULL_CONVERSION = YES;
				CLANG_WARN_OBJC_IMPLICIT_RETAIN_SELF = YES;
				CLANG_WARN_OBJC_LITERAL_CONVERSION = YES;
				CLANG_WARN_OBJC_ROOT_CLASS = YES_ERROR;
				CLANG_WARN_QUOTED_INCLUDE_IN_FRAMEWORK_HEADER = YES;
				CLANG_WARN_RANGE_LOOP_ANALYSIS = YES;
				CLANG_WARN_STRICT_PROTOTYPES = YES;
				CLANG_WARN_SUSPICIOUS_MOVE = YES;
				CLANG_WARN_UNGUARDED_AVAILABILITY = YES_AGGRESSIVE;
				CLANG_WARN_UNREACHABLE_CODE = YES;
				CLANG_WARN__DUPLICATE_METHOD_MATCH = YES;
				COPY_PHASE_STRIP = NO;
				DEBUG_INFORMATION_FORMAT = dwarf;
				ENABLE_STRICT_OBJC_MSGSEND = YES;
				ENABLE_TESTABILITY = YES;
				ENABLE_USER_SCRIPT_SANDBOXING = YES;
				GCC_C_LANGUAGE_STANDARD = gnu17;
				GCC_DYNAMIC_NO_PIC = NO;
				GCC_NO_COMMON_BLOCKS = YES;
				GCC_OPTIMIZATION_LEVEL = 0;
				GCC_PREPROCESSOR_DEFINITIONS = (
					"DEBUG=1",
					"$(inherited)",
				);
				GCC_WARN_64_TO_32_BIT_CONVERSION = YES;
				GCC_WARN_ABOUT_RETURN_TYPE = YES_ERROR;
				GCC_WARN_UNDECLARED_SELECTOR = YES;
				GCC_WARN_UNINITIALIZED_AUTOS = YES_AGGRESSIVE;
				GCC_WARN_UNUSED_FUNCTION = YES;
				GCC_WARN_UNUSED_VARIABLE = YES;
				IPHONEOS_DEPLOYMENT_TARGET = 18.5;
				LOCALIZATION_PREFERS_STRING_CATALOGS = YES;
				MTL_ENABLE_DEBUG_INFO = INCLUDE_SOURCE;
				MTL_FAST_MATH = YES;
				ONLY_ACTIVE_ARCH = YES;
				SDKROOT = iphoneos;
				SWIFT_ACTIVE_COMPILATION_CONDITIONS = "DEBUG $(inherited)";
				SWIFT_OPTIMIZATION_LEVEL = "-Onone";
			};
			name = Debug;
		};
		2186B22C2F34D27300A7A2CA /* Release */ = {
			isa = XCBuildConfiguration;
			buildSettings = {
				ALWAYS_SEARCH_USER_PATHS = NO;
				ASSETCATALOG_COMPILER_GENERATE_SWIFT_ASSET_SYMBOL_EXTENSIONS = YES;
				CLANG_ANALYZER_NONNULL = YES;
				CLANG_ANALYZER_NUMBER_OBJECT_CONVERSION = YES_AGGRESSIVE;
				CLANG_CXX_LANGUAGE_STANDARD = "gnu++20";
				CLANG_ENABLE_MODULES = YES;
				CLANG_ENABLE_OBJC_ARC = YES;
				CLANG_ENABLE_OBJC_WEAK = YES;
				CLANG_WARN_BLOCK_CAPTURE_AUTORELEASING = YES;
				CLANG_WARN_BOOL_CONVERSION = YES;
				CLANG_WARN_COMMA = YES;
				CLANG_WARN_CONSTANT_CONVERSION = YES;
				CLANG_WARN_DEPRECATED_OBJC_IMPLEMENTATIONS = YES;
				CLANG_WARN_DIRECT_OBJC_ISA_USAGE = YES_ERROR;
				CLANG_WARN_DOCUMENTATION_COMMENTS = YES;
				CLANG_WARN_EMPTY_BODY = YES;
				CLANG_WARN_ENUM_CONVERSION = YES;
				CLANG_WARN_INFINITE_RECURSION = YES;
				CLANG_WARN_INT_CONVERSION = YES;
				CLANG_WARN_NON_LITERAL_NULL_CONVERSION = YES;
				CLANG_WARN_OBJC_IMPLICIT_RETAIN_SELF = YES;
				CLANG_WARN_OBJC_LITERAL_CONVERSION = YES;
				CLANG_WARN_OBJC_ROOT_CLASS = YES_ERROR;
				CLANG_WARN_QUOTED_INCLUDE_IN_FRAMEWORK_HEADER = YES;
				CLANG_WARN_RANGE_LOOP_ANALYSIS = YES;
				CLANG_WARN_STRICT_PROTOTYPES = YES;
				CLANG_WARN_SUSPICIOUS_MOVE = YES;
				CLANG_WARN_UNGUARDED_AVAILABILITY = YES_AGGRESSIVE;
				CLANG_WARN_UNREACHABLE_CODE = YES;
				CLANG_WARN__DUPLICATE_METHOD_MATCH = YES;
				COPY_PHASE_STRIP = NO;
				DEBUG_INFORMATION_FORMAT = "dwarf-with-dsym";
				ENABLE_NS_ASSERTIONS = NO;
				ENABLE_STRICT_OBJC_MSGSEND = YES;
				ENABLE_USER_SCRIPT_SANDBOXING = YES;
				GCC_C_LANGUAGE_STANDARD = gnu17;
				GCC_NO_COMMON_BLOCKS = YES;
				GCC_WARN_64_TO_32_BIT_CONVERSION = YES;
				GCC_WARN_ABOUT_RETURN_TYPE = YES_ERROR;
				GCC_WARN_UNDECLARED_SELECTOR = YES;
				GCC_WARN_UNINITIALIZED_AUTOS = YES_AGGRESSIVE;
				GCC_WARN_UNUSED_FUNCTION = YES;
				GCC_WARN_UNUSED_VARIABLE = YES;
				IPHONEOS_DEPLOYMENT_TARGET = 18.5;
				LOCALIZATION_PREFERS_STRING_CATALOGS = YES;
				MTL_ENABLE_DEBUG_INFO = NO;
				MTL_FAST_MATH = YES;
				SDKROOT = iphoneos;
				SWIFT_COMPILATION_MODE = wholemodule;
				VALIDATE_PRODUCT = YES;
			};
			name = Release;
		};
		2186B22E2F34D27300A7A2CA /* Debug */ = {
			isa = XCBuildConfiguration;
			buildSettings = {
				ASSETCATALOG_COMPILER_APPICON_NAME = AppIcon;
				ASSETCATALOG_COMPILER_GLOBAL_ACCENT_COLOR_NAME = AccentColor;
				CODE_SIGN_ENTITLEMENTS = gymrankiOS/gymrankiOS.entitlements;
				CODE_SIGN_STYLE = Automatic;
				CURRENT_PROJECT_VERSION = 1;
				DEVELOPMENT_TEAM = BTXSK6PY6M;
				ENABLE_PREVIEWS = YES;
				GENERATE_INFOPLIST_FILE = YES;
				INFOPLIST_FILE = gymrankiOS/Info.plist;
				INFOPLIST_KEY_UIApplicationSceneManifest_Generation = YES;
				INFOPLIST_KEY_UIApplicationSupportsIndirectInputEvents = YES;
				INFOPLIST_KEY_UILaunchScreen_Generation = YES;
				INFOPLIST_KEY_UISupportedInterfaceOrientations_iPad = "UIInterfaceOrientationPortrait UIInterfaceOrientationPortraitUpsideDown UIInterfaceOrientationLandscapeLeft UIInterfaceOrientationLandscapeRight";
				INFOPLIST_KEY_UISupportedInterfaceOrientations_iPhone = "UIInterfaceOrientationPortrait UIInterfaceOrientationLandscapeLeft UIInterfaceOrientationLandscapeRight";
				IPHONEOS_DEPLOYMENT_TARGET = 18.0;
				LD_RUNPATH_SEARCH_PATHS = (
					"$(inherited)",
					"@executable_path/Frameworks",
				);
				MARKETING_VERSION = 1.0;
				PRODUCT_BUNDLE_IDENTIFIER = com.gymrankiOS;
				PRODUCT_NAME = "$(TARGET_NAME)";
				SWIFT_EMIT_LOC_STRINGS = YES;
				SWIFT_VERSION = 5.0;
				TARGETED_DEVICE_FAMILY = "1,2";
			};
			name = Debug;
		};
		2186B22F2F34D27300A7A2CA /* Release */ = {
			isa = XCBuildConfiguration;
			buildSettings = {
				ASSETCATALOG_COMPILER_APPICON_NAME = AppIcon;
				ASSETCATALOG_COMPILER_GLOBAL_ACCENT_COLOR_NAME = AccentColor;
				CODE_SIGN_ENTITLEMENTS = gymrankiOS/gymrankiOS.entitlements;
				CODE_SIGN_STYLE = Automatic;
				CURRENT_PROJECT_VERSION = 1;
				DEVELOPMENT_TEAM = BTXSK6PY6M;
				ENABLE_PREVIEWS = YES;
				GENERATE_INFOPLIST_FILE = YES;
				INFOPLIST_FILE = gymrankiOS/Info.plist;
				INFOPLIST_KEY_UIApplicationSceneManifest_Generation = YES;
				INFOPLIST_KEY_UIApplicationSupportsIndirectInputEvents = YES;
				INFOPLIST_KEY_UILaunchScreen_Generation = YES;
				INFOPLIST_KEY_UISupportedInterfaceOrientations_iPad = "UIInterfaceOrientationPortrait UIInterfaceOrientationPortraitUpsideDown UIInterfaceOrientationLandscapeLeft UIInterfaceOrientationLandscapeRight";
				INFOPLIST_KEY_UISupportedInterfaceOrientations_iPhone = "UIInterfaceOrientationPortrait UIInterfaceOrientationLandscapeLeft UIInterfaceOrientationLandscapeRight";
				IPHONEOS_DEPLOYMENT_TARGET = 18.0;
				LD_RUNPATH_SEARCH_PATHS = (
					"$(inherited)",
					"@executable_path/Frameworks",
				);
				MARKETING_VERSION = 1.0;
				PRODUCT_BUNDLE_IDENTIFIER = com.gymrankiOS;
				PRODUCT_NAME = "$(TARGET_NAME)";
				SWIFT_EMIT_LOC_STRINGS = YES;
				SWIFT_VERSION = 5.0;
				TARGETED_DEVICE_FAMILY = "1,2";
			};
			name = Release;
		};
		2186B2312F34D27300A7A2CA /* Debug */ = {
			isa = XCBuildConfiguration;
			buildSettings = {
				BUNDLE_LOADER = "$(TEST_HOST)";
				CODE_SIGN_STYLE = Automatic;
				CURRENT_PROJECT_VERSION = 1;
				GENERATE_INFOPLIST_FILE = YES;
				IPHONEOS_DEPLOYMENT_TARGET = 18.5;
				MARKETING_VERSION = 1.0;
				PRODUCT_BUNDLE_IDENTIFIER = com.gymrankiOSTests;
				PRODUCT_NAME = "$(TARGET_NAME)";
				SWIFT_EMIT_LOC_STRINGS = NO;
				SWIFT_VERSION = 5.0;
				TARGETED_DEVICE_FAMILY = "1,2";
				TEST_HOST = "$(BUILT_PRODUCTS_DIR)/gymrankiOS.app/$(BUNDLE_EXECUTABLE_FOLDER_PATH)/gymrankiOS";
			};
			name = Debug;
		};
		2186B2322F34D27300A7A2CA /* Release */ = {
			isa = XCBuildConfiguration;
			buildSettings = {
				BUNDLE_LOADER = "$(TEST_HOST)";
				CODE_SIGN_STYLE = Automatic;
				CURRENT_PROJECT_VERSION = 1;
				GENERATE_INFOPLIST_FILE = YES;
				IPHONEOS_DEPLOYMENT_TARGET = 18.5;
				MARKETING_VERSION = 1.0;
				PRODUCT_BUNDLE_IDENTIFIER = com.gymrankiOSTests;
				PRODUCT_NAME = "$(TARGET_NAME)";
				SWIFT_EMIT_LOC_STRINGS = NO;
				SWIFT_VERSION = 5.0;
				TARGETED_DEVICE_FAMILY = "1,2";
				TEST_HOST = "$(BUILT_PRODUCTS_DIR)/gymrankiOS.app/$(BUNDLE_EXECUTABLE_FOLDER_PATH)/gymrankiOS";
			};
			name = Release;
		};
		2186B2342F34D27300A7A2CA /* Debug */ = {
			isa = XCBuildConfiguration;
			buildSettings = {
				CODE_SIGN_STYLE = Automatic;
				CURRENT_PROJECT_VERSION = 1;
				GENERATE_INFOPLIST_FILE = YES;
				MARKETING_VERSION = 1.0;
				PRODUCT_BUNDLE_IDENTIFIER = com.gymrankiOSUITests;
				PRODUCT_NAME = "$(TARGET_NAME)";
				SWIFT_EMIT_LOC_STRINGS = NO;
				SWIFT_VERSION = 5.0;
				TARGETED_DEVICE_FAMILY = "1,2";
				TEST_TARGET_NAME = gymrankiOS;
			};
			name = Debug;
		};
		2186B2352F34D27300A7A2CA /* Release */ = {
			isa = XCBuildConfiguration;
			buildSettings = {
				CODE_SIGN_STYLE = Automatic;
				CURRENT_PROJECT_VERSION = 1;
				GENERATE_INFOPLIST_FILE = YES;
				MARKETING_VERSION = 1.0;
				PRODUCT_BUNDLE_IDENTIFIER = com.gymrankiOSUITests;
				PRODUCT_NAME = "$(TARGET_NAME)";
				SWIFT_EMIT_LOC_STRINGS = NO;
				SWIFT_VERSION = 5.0;
				TARGETED_DEVICE_FAMILY = "1,2";
				TEST_TARGET_NAME = gymrankiOS;
			};
			name = Release;
		};
/* End XCBuildConfiguration section */

/* Begin XCConfigurationList section */
		2186B2072F34D27100A7A2CA /* Build configuration list for PBXProject "gymrankiOS" */ = {
			isa = XCConfigurationList;
			buildConfigurations = (
				2186B22B2F34D27300A7A2CA /* Debug */,
				2186B22C2F34D27300A7A2CA /* Release */,
			);
			defaultConfigurationIsVisible = 0;
			defaultConfigurationName = Release;
		};
		2186B22D2F34D27300A7A2CA /* Build configuration list for PBXNativeTarget "gymrankiOS" */ = {
			isa = XCConfigurationList;
			buildConfigurations = (
				2186B22E2F34D27300A7A2CA /* Debug */,
				2186B22F2F34D27300A7A2CA /* Release */,
			);
			defaultConfigurationIsVisible = 0;
			defaultConfigurationName = Release;
		};
		2186B2302F34D27300A7A2CA /* Build configuration list for PBXNativeTarget "gymrankiOSTests" */ = {
			isa = XCConfigurationList;
			buildConfigurations = (
				2186B2312F34D27300A7A2CA /* Debug */,
				2186B2322F34D27300A7A2CA /* Release */,
			);
			defaultConfigurationIsVisible = 0;
			defaultConfigurationName = Release;
		};
		2186B2332F34D27300A7A2CA /* Build configuration list for PBXNativeTarget "gymrankiOSUITests" */ = {
			isa = XCConfigurationList;
			buildConfigurations = (
				2186B2342F34D27300A7A2CA /* Debug */,
				2186B2352F34D27300A7A2CA /* Release */,
			);
			defaultConfigurationIsVisible = 0;
			defaultConfigurationName = Release;
		};
/* End XCConfigurationList section */

/* Begin XCRemoteSwiftPackageReference section */
		2186B3412F461AE600A7A2CA /* XCRemoteSwiftPackageReference "firebase-ios-sdk" */ = {
			isa = XCRemoteSwiftPackageReference;
			repositoryURL = "https://github.com/firebase/firebase-ios-sdk";
			requirement = {
				kind = upToNextMajorVersion;
				minimumVersion = 12.9.0;
			};
		};
		2186B3522F474CC200A7A2CA /* XCRemoteSwiftPackageReference "GoogleSignIn-iOS" */ = {
			isa = XCRemoteSwiftPackageReference;
			repositoryURL = "https://github.com/google/GoogleSignIn-iOS";
			requirement = {
				kind = upToNextMajorVersion;
				minimumVersion = 9.1.0;
			};
		};
/* End XCRemoteSwiftPackageReference section */

/* Begin XCSwiftPackageProductDependency section */
		2186B3432F461DAC00A7A2CA /* FirebaseCore */ = {
			isa = XCSwiftPackageProductDependency;
			package = 2186B3412F461AE600A7A2CA /* XCRemoteSwiftPackageReference "firebase-ios-sdk" */;
			productName = FirebaseCore;
		};
		2186B3452F461DB400A7A2CA /* FirebaseAuth */ = {
			isa = XCSwiftPackageProductDependency;
			package = 2186B3412F461AE600A7A2CA /* XCRemoteSwiftPackageReference "firebase-ios-sdk" */;
			productName = FirebaseAuth;
		};
		2186B3472F461DBE00A7A2CA /* FirebaseFirestore */ = {
			isa = XCSwiftPackageProductDependency;
			package = 2186B3412F461AE600A7A2CA /* XCRemoteSwiftPackageReference "firebase-ios-sdk" */;
			productName = FirebaseFirestore;
		};
		2186B3492F461DC800A7A2CA /* FirebaseStorage */ = {
			isa = XCSwiftPackageProductDependency;
			package = 2186B3412F461AE600A7A2CA /* XCRemoteSwiftPackageReference "firebase-ios-sdk" */;
			productName = FirebaseStorage;
		};
		2186B3532F474E1B00A7A2CA /* GoogleSignIn */ = {
			isa = XCSwiftPackageProductDependency;
			package = 2186B3522F474CC200A7A2CA /* XCRemoteSwiftPackageReference "GoogleSignIn-iOS" */;
			productName = GoogleSignIn;
		};
/* End XCSwiftPackageProductDependency section */
	};
	rootObject = 2186B2042F34D27100A7A2CA /* Project object */;
}
